
Microsoft Visual Studio Solution File, Format Version 12.00
# Visual Studio Version 16
VisualStudioVersion = 16.0.30804.86
MinimumVisualStudioVersion = 10.0.40219.1
Project("{9A19103F-16F7-4668-BE54-9A1E7A4F7556}") = "MyBlog", "MyBlog\MyBlog.csproj", "{B4D15DB1-9972-421E-964A-38BB24FE52F1}"
EndProject
Project("{FAE04EC0-301F-11D3-BF4B-00C04F79EFBC}") = "AdminBlog", "AdminBlog\AdminBlog.csproj", "{E337B838-E836-4757-B44E-ADF719731392}"
EndProject
Global
	GlobalSection(SolutionConfigurationPlatforms) = preSolution
		Debug|Any CPU = Debug|Any CPU
		Release|Any CPU = Release|Any CPU
	EndGlobalSection
	GlobalSection(ProjectConfigurationPlatforms) = postSolution
		{B4D15DB1-9972-421E-964A-38BB24FE52F1}.Debug|Any CPU.ActiveCfg = Debug|Any CPU
		{B4D15DB1-9972-421E-964A-38BB24FE52F1}.Debug|Any CPU.Build.0 = Debug|Any CPU
		{B4D15DB1-9972-421E-964A-38BB24FE52F1}.Release|Any CPU.ActiveCfg = Release|Any CPU
		{B4D15DB1-9972-421E-964A-38BB24FE52F1}.Release|Any CPU.Build.0 = Release|Any CPU
		{E337B838-E836-4757-B44E-ADF719731392}.Debug|Any CPU.ActiveCfg = Debug|Any CPU
		{E337B838-E836-4757-B44E-ADF719731392}.Debug|Any CPU.Build.0 = Debug|Any CPU
		{E337B838-E836-4757-B44E-ADF719731392}.Release|Any CPU.ActiveCfg = Release|Any CPU
		{E337B838-E836-4757-B44E-ADF719731392}.Release|Any CPU.Build.0 = Release|Any CPU
	EndGlobalSection
	GlobalSection(SolutionProperties) = preSolution
		HideSolutionNode = FALSE
	EndGlobalSection
	GlobalSection(ExtensibilityGlobals) = postSolution
		SolutionGuid = {130293A3-0C0D-4E68-9D0F-68E53381D085}
	EndGlobalSection
EndGlobal
